
Microsoft Visual Studio Solution File, Format Version 12.00
# Visual Studio Version 17
VisualStudioVersion = 17.11.35222.181
MinimumVisualStudioVersion = 10.0.40219.1
Project("{FAE04EC0-301F-11D3-BF4B-00C04F79EFBC}") = "COOKIES_10282395", "COOKIES_10282395\COOKIES_10282395.csproj", "{8ADED410-A88A-4FCE-B7BA-A67738353F85}"
EndProject
Global
	GlobalSection(SolutionConfigurationPlatforms) = preSolution
		Debug|Any CPU = Debug|Any CPU
		Release|Any CPU = Release|Any CPU
	EndGlobalSection
	GlobalSection(ProjectConfigurationPlatforms) = postSolution
		{8ADED410-A88A-4FCE-B7BA-A67738353F85}.Debug|Any CPU.ActiveCfg = Debug|Any CPU
		{8ADED410-A88A-4FCE-B7BA-A67738353F85}.Debug|Any CPU.Build.0 = Debug|Any CPU
		{8ADED410-A88A-4FCE-B7BA-A67738353F85}.Release|Any CPU.ActiveCfg = Release|Any CPU
		{8ADED410-A88A-4FCE-B7BA-A67738353F85}.Release|Any CPU.Build.0 = Release|Any CPU
	EndGlobalSection
	GlobalSection(SolutionProperties) = preSolution
		HideSolutionNode = FALSE
	EndGlobalSection
	GlobalSection(ExtensibilityGlobals) = postSolution
		SolutionGuid = {1912CDEF-D00F-4291-8318-37E1ADE7F6A5}
	EndGlobalSection
EndGlobal
